// !$*UTF8*$!
{
	archiveVersion = 1;
	classes = {
	};
	objectVersion = 51;
	objects = {

/* Begin PBXBuildFile section */
		06EF1E04259A9E7F001950F1 /* sedunAppApp.swift in Sources */ = {isa = PBXBuildFile; fileRef = 06EF1E03259A9E7F001950F1 /* sedunAppApp.swift */; };
		06EF1E06259A9E7F001950F1 /* ContentView.swift in Sources */ = {isa = PBXBuildFile; fileRef = 06EF1E05259A9E7F001950F1 /* ContentView.swift */; };
		06EF1E08259A9E84001950F1 /* Assets.xcassets in Resources */ = {isa = PBXBuildFile; fileRef = 06EF1E07259A9E84001950F1 /* Assets.xcassets */; };
		06EF1E0B259A9E84001950F1 /* Preview Assets.xcassets in Resources */ = {isa = PBXBuildFile; fileRef = 06EF1E0A259A9E84001950F1 /* Preview Assets.xcassets */; };
		06EF1E14259AA09F001950F1 /* GoogleService-Info.plist in Resources */ = {isa = PBXBuildFile; fileRef = 06EF1E13259AA09F001950F1 /* GoogleService-Info.plist */; };
		06EF1E32259AA572001950F1 /* sendFileView.swift in Sources */ = {isa = PBXBuildFile; fileRef = 06EF1E31259AA572001950F1 /* sendFileView.swift */; };
		06EF1E43259AA935001950F1 /* filesView.swift in Sources */ = {isa = PBXBuildFile; fileRef = 06EF1E42259AA935001950F1 /* filesView.swift */; };
		06EF1E57259AB42B001950F1 /* ImagePicker.swift in Sources */ = {isa = PBXBuildFile; fileRef = 06EF1E56259AB42B001950F1 /* ImagePicker.swift */; };
		06EF1E5A259ADD77001950F1 /* getFileView.swift in Sources */ = {isa = PBXBuildFile; fileRef = 06EF1E59259ADD77001950F1 /* getFileView.swift */; };
		A3984CD2F6E264FED8F2DA82 /* Pods_sedunApp.framework in Frameworks */ = {isa = PBXBuildFile; fileRef = 521C28CA6E1891AB8AFD290B /* Pods_sedunApp.framework */; };
/* End PBXBuildFile section */

/* Begin PBXFileReference section */
		0025C4E4D3DC36CC6F3E0EDB /* Pods-sedunApp.release.xcconfig */ = {isa = PBXFileReference; includeInIndex = 1; lastKnownFileType = text.xcconfig; name = "Pods-sedunApp.release.xcconfig"; path = "Target Support Files/Pods-sedunApp/Pods-sedunApp.release.xcconfig"; sourceTree = "<group>"; };
		06EF1E00259A9E7E001950F1 /* sedunApp.app */ = {isa = PBXFileReference; explicitFileType = wrapper.application; includeInIndex = 0; path = sedunApp.app; sourceTree = BUILT_PRODUCTS_DIR; };
		06EF1E03259A9E7F001950F1 /* sedunAppApp.swift */ = {isa = PBXFileReference; lastKnownFileType = sourcecode.swift; path = sedunAppApp.swift; sourceTree = "<group>"; };
		06EF1E05259A9E7F001950F1 /* ContentView.swift */ = {isa = PBXFileReference; lastKnownFileType = sourcecode.swift; path = ContentView.swift; sourceTree = "<group>"; };
		06EF1E07259A9E84001950F1 /* Assets.xcassets */ = {isa = PBXFileReference; lastKnownFileType = folder.assetcatalog; path = Assets.xcassets; sourceTree = "<group>"; };
		06EF1E0A259A9E84001950F1 /* Preview Assets.xcassets */ = {isa = PBXFileReference; lastKnownFileType = folder.assetcatalog; path = "Preview Assets.xcassets"; sourceTree = "<group>"; };
		06EF1E0C259A9E84001950F1 /* Info.plist */ = {isa = PBXFileReference; lastKnownFileType = text.plist.xml; path = Info.plist; sourceTree = "<group>"; };
		06EF1E13259AA09F001950F1 /* GoogleService-Info.plist */ = {isa = PBXFileReference; fileEncoding = 4; lastKnownFileType = text.plist.xml; path = "GoogleService-Info.plist"; sourceTree = "<group>"; };
		06EF1E31259AA572001950F1 /* sendFileView.swift */ = {isa = PBXFileReference; lastKnownFileType = sourcecode.swift; path = sendFileView.swift; sourceTree = "<group>"; };
		06EF1E42259AA935001950F1 /* filesView.swift */ = {isa = PBXFileReference; lastKnownFileType = sourcecode.swift; name = filesView.swift; path = sedunApp/filesView.swift; sourceTree = SOURCE_ROOT; };
		06EF1E56259AB42B001950F1 /* ImagePicker.swift */ = {isa = PBXFileReference; lastKnownFileType = sourcecode.swift; path = ImagePicker.swift; sourceTree = "<group>"; };
		06EF1E59259ADD77001950F1 /* getFileView.swift */ = {isa = PBXFileReference; lastKnownFileType = sourcecode.swift; name = getFileView.swift; path = Tabs/getFileView.swift; sourceTree = "<group>"; };
		521C28CA6E1891AB8AFD290B /* Pods_sedunApp.framework */ = {isa = PBXFileReference; explicitFileType = wrapper.framework; includeInIndex = 0; path = Pods_sedunApp.framework; sourceTree = BUILT_PRODUCTS_DIR; };
		8CE19340663AA47881B636B2 /* Pods-sedunApp.debug.xcconfig */ = {isa = PBXFileReference; includeInIndex = 1; lastKnownFileType = text.xcconfig; name = "Pods-sedunApp.debug.xcconfig"; path = "Target Support Files/Pods-sedunApp/Pods-sedunApp.debug.xcconfig"; sourceTree = "<group>"; };
/* End PBXFileReference section */

/* Begin PBXFrameworksBuildPhase section */
		06EF1DFD259A9E7E001950F1 /* Frameworks */ = {
			isa = PBXFrameworksBuildPhase;
			buildActionMask = 2147483647;
			files = (
				A3984CD2F6E264FED8F2DA82 /* Pods_sedunApp.framework in Frameworks */,
			);
			runOnlyForDeploymentPostprocessing = 0;
		};
/* End PBXFrameworksBuildPhase section */

/* Begin PBXGroup section */
		06EF1DF7259A9E7E001950F1 = {
			isa = PBXGroup;
			children = (
				06EF1E02259A9E7E001950F1 /* sedunApp */,
				06EF1E01259A9E7E001950F1 /* Products */,
				82FD3A905ACB36AAC16BC990 /* Pods */,
				FDBA4EF00B420C1205318B3A /* Frameworks */,
			);
			sourceTree = "<group>";
		};
		06EF1E01259A9E7E001950F1 /* Products */ = {
			isa = PBXGroup;
			children = (
				06EF1E00259A9E7E001950F1 /* sedunApp.app */,
			);
			name = Products;
			sourceTree = "<group>";
		};
		06EF1E02259A9E7E001950F1 /* sedunApp */ = {
			isa = PBXGroup;
			children = (
				06EF1E59259ADD77001950F1 /* getFileView.swift */,
				06EF1E55259AB3FA001950F1 /* Tools */,
				06EF1E30259AA53B001950F1 /* Tabs */,
				06EF1E13259AA09F001950F1 /* GoogleService-Info.plist */,
				06EF1E03259A9E7F001950F1 /* sedunAppApp.swift */,
				06EF1E05259A9E7F001950F1 /* ContentView.swift */,
				06EF1E07259A9E84001950F1 /* Assets.xcassets */,
				06EF1E0C259A9E84001950F1 /* Info.plist */,
				06EF1E09259A9E84001950F1 /* Preview Content */,
			);
			path = sedunApp;
			sourceTree = "<group>";
		};
		06EF1E09259A9E84001950F1 /* Preview Content */ = {
			isa = PBXGroup;
			children = (
				06EF1E0A259A9E84001950F1 /* Preview Assets.xcassets */,
			);
			path = "Preview Content";
			sourceTree = "<group>";
		};
		06EF1E30259AA53B001950F1 /* Tabs */ = {
			isa = PBXGroup;
			children = (
				06EF1E42259AA935001950F1 /* filesView.swift */,
				06EF1E31259AA572001950F1 /* sendFileView.swift */,
			);
			path = Tabs;
			sourceTree = "<group>";
		};
		06EF1E55259AB3FA001950F1 /* Tools */ = {
			isa = PBXGroup;
			children = (
				06EF1E56259AB42B001950F1 /* ImagePicker.swift */,
			);
			path = Tools;
			sourceTree = "<group>";
		};
		82FD3A905ACB36AAC16BC990 /* Pods */ = {
			isa = PBXGroup;
			children = (
				8CE19340663AA47881B636B2 /* Pods-sedunApp.debug.xcconfig */,
				0025C4E4D3DC36CC6F3E0EDB /* Pods-sedunApp.release.xcconfig */,
			);
			path = Pods;
			sourceTree = "<group>";
		};
		FDBA4EF00B420C1205318B3A /* Frameworks */ = {
			isa = PBXGroup;
			children = (
				521C28CA6E1891AB8AFD290B /* Pods_sedunApp.framework */,
			);
			name = Frameworks;
			sourceTree = "<group>";
		};
/* End PBXGroup section */

/* Begin PBXNativeTarget section */
		06EF1DFF259A9E7E001950F1 /* sedunApp */ = {
			isa = PBXNativeTarget;
			buildConfigurationList = 06EF1E0F259A9E84001950F1 /* Build configuration list for PBXNativeTarget "sedunApp" */;
			buildPhases = (
				963E585D68A9E2ED565E6C10 /* [CP] Check Pods Manifest.lock */,
				06EF1DFC259A9E7E001950F1 /* Sources */,
				06EF1DFD259A9E7E001950F1 /* Frameworks */,
				06EF1DFE259A9E7E001950F1 /* Resources */,
				A9E705CD9F3A8B111DAC556E /* [CP] Embed Pods Frameworks */,
			);
			buildRules = (
			);
			dependencies = (
			);
			name = sedunApp;
			productName = sedunApp;
			productReference = 06EF1E00259A9E7E001950F1 /* sedunApp.app */;
			productType = "com.apple.product-type.application";
		};
/* End PBXNativeTarget section */

/* Begin PBXProject section */
		06EF1DF8259A9E7E001950F1 /* Project object */ = {
			isa = PBXProject;
			attributes = {
				LastSwiftUpdateCheck = 1230;
				LastUpgradeCheck = 1230;
				TargetAttributes = {
					06EF1DFF259A9E7E001950F1 = {
						CreatedOnToolsVersion = 12.3;
					};
				};
			};
			buildConfigurationList = 06EF1DFB259A9E7E001950F1 /* Build configuration list for PBXProject "sedunApp" */;
			compatibilityVersion = "Xcode 9.3";
			developmentRegion = en;
			hasScannedForEncodings = 0;
			knownRegions = (
				en,
				Base,
			);
			mainGroup = 06EF1DF7259A9E7E001950F1;
			productRefGroup = 06EF1E01259A9E7E001950F1 /* Products */;
			projectDirPath = "";
			projectRoot = "";
			targets = (
				06EF1DFF259A9E7E001950F1 /* sedunApp */,
			);
		};
/* End PBXProject section */

/* Begin PBXResourcesBuildPhase section */
		06EF1DFE259A9E7E001950F1 /* Resources */ = {
			isa = PBXResourcesBuildPhase;
			buildActionMask = 2147483647;
			files = (
				06EF1E0B259A9E84001950F1 /* Preview Assets.xcassets in Resources */,
				06EF1E08259A9E84001950F1 /* Assets.xcassets in Resources */,
				06EF1E14259AA09F001950F1 /* GoogleService-Info.plist in Resources */,
			);
			runOnlyForDeploymentPostprocessing = 0;
		};
/* End PBXResourcesBuildPhase section */

/* Begin PBXShellScriptBuildPhase section */
		963E585D68A9E2ED565E6C10 /* [CP] Check Pods Manifest.lock */ = {
			isa = PBXShellScriptBuildPhase;
			buildActionMask = 2147483647;
			files = (
			);
			inputFileListPaths = (
			);
			inputPaths = (
				"${PODS_PODFILE_DIR_PATH}/Podfile.lock",
				"${PODS_ROOT}/Manifest.lock",
			);
			name = "[CP] Check Pods Manifest.lock";
			outputFileListPaths = (
			);
			outputPaths = (
				"$(DERIVED_FILE_DIR)/Pods-sedunApp-checkManifestLockResult.txt",
			);
			runOnlyForDeploymentPostprocessing = 0;
			shellPath = /bin/sh;
			shellScript = "diff \"${PODS_PODFILE_DIR_PATH}/Podfile.lock\" \"${PODS_ROOT}/Manifest.lock\" > /dev/null\nif [ $? != 0 ] ; then\n    # print error to STDERR\n    echo \"error: The sandbox is not in sync with the Podfile.lock. Run 'pod install' or update your CocoaPods installation.\" >&2\n    exit 1\nfi\n# This output is used by Xcode 'outputs' to avoid re-running this script phase.\necho \"SUCCESS\" > \"${SCRIPT_OUTPUT_FILE_0}\"\n";
			showEnvVarsInLog = 0;
		};
		A9E705CD9F3A8B111DAC556E /* [CP] Embed Pods Frameworks */ = {
			isa = PBXShellScriptBuildPhase;
			buildActionMask = 2147483647;
			files = (
			);
			inputFileListPaths = (
				"${PODS_ROOT}/Target Support Files/Pods-sedunApp/Pods-sedunApp-frameworks-${CONFIGURATION}-input-files.xcfilelist",
			);
			name = "[CP] Embed Pods Frameworks";
			outputFileListPaths = (
				"${PODS_ROOT}/Target Support Files/Pods-sedunApp/Pods-sedunApp-frameworks-${CONFIGURATION}-output-files.xcfilelist",
			);
			runOnlyForDeploymentPostprocessing = 0;
			shellPath = /bin/sh;
			shellScript = "\"${PODS_ROOT}/Target Support Files/Pods-sedunApp/Pods-sedunApp-frameworks.sh\"\n";
			showEnvVarsInLog = 0;
		};
/* End PBXShellScriptBuildPhase section */

/* Begin PBXSourcesBuildPhase section */
		06EF1DFC259A9E7E001950F1 /* Sources */ = {
			isa = PBXSourcesBuildPhase;
			buildActionMask = 2147483647;
			files = (
				06EF1E43259AA935001950F1 /* filesView.swift in Sources */,
				06EF1E32259AA572001950F1 /* sendFileView.swift in Sources */,
				06EF1E57259AB42B001950F1 /* ImagePicker.swift in Sources */,
				06EF1E5A259ADD77001950F1 /* getFileView.swift in Sources */,
				06EF1E06259A9E7F001950F1 /* ContentView.swift in Sources */,
				06EF1E04259A9E7F001950F1 /* sedunAppApp.swift in Sources */,
			);
			runOnlyForDeploymentPostprocessing = 0;
		};
/* End PBXSourcesBuildPhase section */

/* Begin XCBuildConfiguration section */
		06EF1E0D259A9E84001950F1 /* Debug */ = {
			isa = XCBuildConfiguration;
			buildSettings = {
				ALWAYS_SEARCH_USER_PATHS = NO;
				CLANG_ANALYZER_NONNULL = YES;
				CLANG_ANALYZER_NUMBER_OBJECT_CONVERSION = YES_AGGRESSIVE;
				CLANG_CXX_LANGUAGE_STANDARD = "gnu++14";
				CLANG_CXX_LIBRARY = "libc++";
				CLANG_ENABLE_MODULES = YES;
				CLANG_ENABLE_OBJC_ARC = YES;
				CLANG_ENABLE_OBJC_WEAK = YES;
				CLANG_WARN_BLOCK_CAPTURE_AUTORELEASING = YES;
				CLANG_WARN_BOOL_CONVERSION = YES;
				CLANG_WARN_COMMA = YES;
				CLANG_WARN_CONSTANT_CONVERSION = YES;
				CLANG_WARN_DEPRECATED_OBJC_IMPLEMENTATIONS = YES;
				CLANG_WARN_DIRECT_OBJC_ISA_USAGE = YES_ERROR;
				CLANG_WARN_DOCUMENTATION_COMMENTS = YES;
				CLANG_WARN_EMPTY_BODY = YES;
				CLANG_WARN_ENUM_CONVERSION = YES;
				CLANG_WARN_INFINITE_RECURSION = YES;
				CLANG_WARN_INT_CONVERSION = YES;
				CLANG_WARN_NON_LITERAL_NULL_CONVERSION = YES;
				CLANG_WARN_OBJC_IMPLICIT_RETAIN_SELF = YES;
				CLANG_WARN_OBJC_LITERAL_CONVERSION = YES;
				CLANG_WARN_OBJC_ROOT_CLASS = YES_ERROR;
				CLANG_WARN_QUOTED_INCLUDE_IN_FRAMEWORK_HEADER = YES;
				CLANG_WARN_RANGE_LOOP_ANALYSIS = YES;
				CLANG_WARN_STRICT_PROTOTYPES = YES;
				CLANG_WARN_SUSPICIOUS_MOVE = YES;
				CLANG_WARN_UNGUARDED_AVAILABILITY = YES_AGGRESSIVE;
				CLANG_WARN_UNREACHABLE_CODE = YES;
				CLANG_WARN__DUPLICATE_METHOD_MATCH = YES;
				COPY_PHASE_STRIP = NO;
				DEBUG_INFORMATION_FORMAT = dwarf;
				ENABLE_STRICT_OBJC_MSGSEND = YES;
				ENABLE_TESTABILITY = YES;
				GCC_C_LANGUAGE_STANDARD = gnu11;
				GCC_DYNAMIC_NO_PIC = NO;
				GCC_NO_COMMON_BLOCKS = YES;
				GCC_OPTIMIZATION_LEVEL = 0;
				GCC_PREPROCESSOR_DEFINITIONS = (
					"DEBUG=1",
					"$(inherited)",
				);
				GCC_WARN_64_TO_32_BIT_CONVERSION = YES;
				GCC_WARN_ABOUT_RETURN_TYPE = YES_ERROR;
				GCC_WARN_UNDECLARED_SELECTOR = YES;
				GCC_WARN_UNINITIALIZED_AUTOS = YES_AGGRESSIVE;
				GCC_WARN_UNUSED_FUNCTION = YES;
				GCC_WARN_UNUSED_VARIABLE = YES;
				IPHONEOS_DEPLOYMENT_TARGET = 14.3;
				MTL_ENABLE_DEBUG_INFO = INCLUDE_SOURCE;
				MTL_FAST_MATH = YES;
				ONLY_ACTIVE_ARCH = YES;
				SDKROOT = iphoneos;
				SWIFT_ACTIVE_COMPILATION_CONDITIONS = DEBUG;
				SWIFT_OPTIMIZATION_LEVEL = "-Onone";
			};
			name = Debug;
		};
		06EF1E0E259A9E84001950F1 /* Release */ = {
			isa = XCBuildConfiguration;
			buildSettings = {
				ALWAYS_SEARCH_USER_PATHS = NO;
				CLANG_ANALYZER_NONNULL = YES;
				CLANG_ANALYZER_NUMBER_OBJECT_CONVERSION = YES_AGGRESSIVE;
				CLANG_CXX_LANGUAGE_STANDARD = "gnu++14";
				CLANG_CXX_LIBRARY = "libc++";
				CLANG_ENABLE_MODULES = YES;
				CLANG_ENABLE_OBJC_ARC = YES;
				CLANG_ENABLE_OBJC_WEAK = YES;
				CLANG_WARN_BLOCK_CAPTURE_AUTORELEASING = YES;
				CLANG_WARN_BOOL_CONVERSION = YES;
				CLANG_WARN_COMMA = YES;
				CLANG_WARN_CONSTANT_CONVERSION = YES;
				CLANG_WARN_DEPRECATED_OBJC_IMPLEMENTATIONS = YES;
				CLANG_WARN_DIRECT_OBJC_ISA_USAGE = YES_ERROR;
				CLANG_WARN_DOCUMENTATION_COMMENTS = YES;
				CLANG_WARN_EMPTY_BODY = YES;
				CLANG_WARN_ENUM_CONVERSION = YES;
				CLANG_WARN_INFINITE_RECURSION = YES;
				CLANG_WARN_INT_CONVERSION = YES;
				CLANG_WARN_NON_LITERAL_NULL_CONVERSION = YES;
				CLANG_WARN_OBJC_IMPLICIT_RETAIN_SELF = YES;
				CLANG_WARN_OBJC_LITERAL_CONVERSION = YES;
				CLANG_WARN_OBJC_ROOT_CLASS = YES_ERROR;
				CLANG_WARN_QUOTED_INCLUDE_IN_FRAMEWORK_HEADER = YES;
				CLANG_WARN_RANGE_LOOP_ANALYSIS = YES;
				CLANG_WARN_STRICT_PROTOTYPES = YES;
				CLANG_WARN_SUSPICIOUS_MOVE = YES;
				CLANG_WARN_UNGUARDED_AVAILABILITY = YES_AGGRESSIVE;
				CLANG_WARN_UNREACHABLE_CODE = YES;
				CLANG_WARN__DUPLICATE_METHOD_MATCH = YES;
				COPY_PHASE_STRIP = NO;
				DEBUG_INFORMATION_FORMAT = "dwarf-with-dsym";
				ENABLE_NS_ASSERTIONS = NO;
				ENABLE_STRICT_OBJC_MSGSEND = YES;
				GCC_C_LANGUAGE_STANDARD = gnu11;
				GCC_NO_COMMON_BLOCKS = YES;
				GCC_WARN_64_TO_32_BIT_CONVERSION = YES;
				GCC_WARN_ABOUT_RETURN_TYPE = YES_ERROR;
				GCC_WARN_UNDECLARED_SELECTOR = YES;
				GCC_WARN_UNINITIALIZED_AUTOS = YES_AGGRESSIVE;
				GCC_WARN_UNUSED_FUNCTION = YES;
				GCC_WARN_UNUSED_VARIABLE = YES;
				IPHONEOS_DEPLOYMENT_TARGET = 14.3;
				MTL_ENABLE_DEBUG_INFO = NO;
				MTL_FAST_MATH = YES;
				SDKROOT = iphoneos;
				SWIFT_COMPILATION_MODE = wholemodule;
				SWIFT_OPTIMIZATION_LEVEL = "-O";
				VALIDATE_PRODUCT = YES;
			};
			name = Release;
		};
		06EF1E10259A9E84001950F1 /* Debug */ = {
			isa = XCBuildConfiguration;
			baseConfigurationReference = 8CE19340663AA47881B636B2 /* Pods-sedunApp.debug.xcconfig */;
			buildSettings = {
				ASSETCATALOG_COMPILER_APPICON_NAME = AppIcon;
				ASSETCATALOG_COMPILER_GLOBAL_ACCENT_COLOR_NAME = AccentColor;
				CODE_SIGN_STYLE = Automatic;
				DEVELOPMENT_ASSET_PATHS = "\"sedunApp/Preview Content\"";
				DEVELOPMENT_TEAM = 7YZ7F3ACU5;
				ENABLE_PREVIEWS = YES;
				INFOPLIST_FILE = sedunApp/Info.plist;
				IPHONEOS_DEPLOYMENT_TARGET = 14.0;
				LD_RUNPATH_SEARCH_PATHS = (
					"$(inherited)",
					"@executable_path/Frameworks",
				);
				PRODUCT_BUNDLE_IDENTIFIER = com.escocar.sedunApp;
				PRODUCT_NAME = "$(TARGET_NAME)";
				SWIFT_VERSION = 5.0;
				TARGETED_DEVICE_FAMILY = "1,2";
			};
			name = Debug;
		};
		06EF1E11259A9E84001950F1 /* Release */ = {
			isa = XCBuildConfiguration;
			baseConfigurationReference = 0025C4E4D3DC36CC6F3E0EDB /* Pods-sedunApp.release.xcconfig */;
			buildSettings = {
				ASSETCATALOG_COMPILER_APPICON_NAME = AppIcon;
				ASSETCATALOG_COMPILER_GLOBAL_ACCENT_COLOR_NAME = AccentColor;
				CODE_SIGN_STYLE = Automatic;
				DEVELOPMENT_ASSET_PATHS = "\"sedunApp/Preview Content\"";
				DEVELOPMENT_TEAM = 7YZ7F3ACU5;
				ENABLE_PREVIEWS = YES;
				INFOPLIST_FILE = sedunApp/Info.plist;
				IPHONEOS_DEPLOYMENT_TARGET = 14.0;
				LD_RUNPATH_SEARCH_PATHS = (
					"$(inherited)",
					"@executable_path/Frameworks",
				);
				PRODUCT_BUNDLE_IDENTIFIER = com.escocar.sedunApp;
				PRODUCT_NAME = "$(TARGET_NAME)";
				SWIFT_VERSION = 5.0;
				TARGETED_DEVICE_FAMILY = "1,2";
			};
			name = Release;
		};
/* End XCBuildConfiguration section */

/* Begin XCConfigurationList section */
		06EF1DFB259A9E7E001950F1 /* Build configuration list for PBXProject "sedunApp" */ = {
			isa = XCConfigurationList;
			buildConfigurations = (
				06EF1E0D259A9E84001950F1 /* Debug */,
				06EF1E0E259A9E84001950F1 /* Release */,
			);
			defaultConfigurationIsVisible = 0;
			defaultConfigurationName = Release;
		};
		06EF1E0F259A9E84001950F1 /* Build configuration list for PBXNativeTarget "sedunApp" */ = {
			isa = XCConfigurationList;
			buildConfigurations = (
				06EF1E10259A9E84001950F1 /* Debug */,
				06EF1E11259A9E84001950F1 /* Release */,
			);
			defaultConfigurationIsVisible = 0;
			defaultConfigurationName = Release;
		};
/* End XCConfigurationList section */
	};
	rootObject = 06EF1DF8259A9E7E001950F1 /* Project object */;
}
